{
  "version": 1,
  "dependencies": {
    "net10.0-windows7.0": {
      "BCnEncoder.Net": {
        "type": "Direct",
        "requested": "[2.3.0, )",
        "resolved": "2.3.0",
        "contentHash": "DJhHJiBJKXUXxlkkrv74ckzJb3wYxqIAZHjXD9G76kpsD0YyJOmqtNufHWEuJe0eH0tB1tCZn80/3JV2UVP7yQ==",
        "dependencies": {
          "CommunityToolkit.HighPerformance": "8.4.0"
        }
      },
      "DalamudPackager": {
        "type": "Direct",
        "requested": "[15.0.0, )",
        "resolved": "15.0.0",
        "contentHash": "411vwC8/X8Z/sQ2TI6v3SvOn66xFPeOjFn3Zn+h0d3Ox2t1kFm66AhDvmx/qcMwVrR+Hidxj0dadpQ2dgyXMBQ=="
      },
      "DotNet.ReproducibleBuilds": {
        "type": "Direct",
        "requested": "[1.2.39, )",
        "resolved": "1.2.39",
        "contentHash": "fcFN01tDTIQqDuTwr1jUQK/geofiwjG5DycJQOnC72i1SsLAk1ELe+apBOuZ11UMQG8YKFZG1FgvjZPbqHyatg=="
      },
      "FlatSharp.Compiler": {
        "type": "Direct",
        "requested": "[7.9.0, )",
        "resolved": "7.9.0",
        "contentHash": "MU6808xvdbWJ3Ev+5PKalqQuzvVbn1DzzQH8txRDHGFUNDvHjd+ejqpvnYc9BSJ8Qp8VjkkpJD8OzRYilbPp3A=="
      },
      "FlatSharp.Runtime": {
        "type": "Direct",
        "requested": "[7.9.0, )",
        "resolved": "7.9.0",
        "contentHash": "Bm8+WqzEsWNpxqrD5x4x+zQ8dyINlToCreM5FI2oNSfUVc9U9ZB+qztX/jd8rlJb3r0vBSlPwVLpw0xBtPa3Vw=="
      },
      "Google.FlatBuffers": {
        "type": "Direct",
        "requested": "[25.2.10, )",
        "resolved": "25.2.10",
        "contentHash": "z3ykbSRsy6oqMzeZ84a+K8rnMJ/ysVikar8r2yUhHz0HSxIjBpj53mZvpu6LjLEm5fLLWQsCdelJwL1nu7lloA=="
      },
      "HelixToolkit": {
        "type": "Direct",
        "requested": "[3.1.2, )",
        "resolved": "3.1.2",
        "contentHash": "SicJqlyFmG7ub5o7cxUbYK3wb0EJCe7v+MIuQS4f9nKyc3EZ0VK92ptCHzVI1AJOPGWIod7pfZoA3F99Nu1M/g==",
        "dependencies": {
          "CommunityToolkit.Common": "8.3.2",
          "CommunityToolkit.Diagnostics": "8.3.2",
          "CommunityToolkit.Mvvm": "8.3.2",
          "Microsoft.Extensions.Logging.Abstractions": "8.0.2"
        }
      },
      "HelixToolkit.Maths": {
        "type": "Direct",
        "requested": "[3.1.2, )",
        "resolved": "3.1.2",
        "contentHash": "sKVK+nSjR3dTFEQ1T3P0xDxbdDI/oJCQAe0v7NCqSDAd3mddUwGSyE6+3T9oFBCQY6AYPCCTQpkzVqVVxnnN9Q==",
        "dependencies": {
          "HelixToolkit": "3.1.2"
        }
      },
      "HelixToolkit.SharpDX": {
        "type": "Direct",
        "requested": "[3.1.2, )",
        "resolved": "3.1.2",
        "contentHash": "9EJ6KrUt/v8U05D5EpQObNHM5cLTqlMDpS4dNJgjzRKrTlU3X8XmuMwHt2bleQCuBYsjIDosWmQhTHcSD1sMmA==",
        "dependencies": {
          "CommunityToolkit.Common": "8.3.2",
          "CommunityToolkit.Diagnostics": "8.3.2",
          "CommunityToolkit.Mvvm": "8.3.2",
          "Cyotek.Drawing.BitmapFont": "2.0.4",
          "HelixToolkit": "3.1.2",
          "HelixToolkit.Geometry": "3.1.2",
          "HelixToolkit.Maths": "3.1.2",
          "Microsoft.CodeAnalysis.CSharp": "4.11.0",
          "SharpDX.D3DCompiler": "4.2.0",
          "SharpDX.DXGI": "4.2.0",
          "SharpDX.Direct2D1": "4.2.0",
          "SharpDX.Direct3D11": "4.2.0"
        }
      },
      "JsonPoke.MSBuild": {
        "type": "Direct",
        "requested": "[1.0.9, )",
        "resolved": "1.0.9",
        "contentHash": "0C2NW2nWDBCMuDGqKqBeLIu8ijcJp4/RkWZ50m6MdiU5yahtIaajyeMvUNmPrv+EdEZ780vvkLnvKEsGNhr/mg=="
      },
      "mgholam.fastCSV": {
        "type": "Direct",
        "requested": "[2.0.9, )",
        "resolved": "2.0.9",
        "contentHash": "AOFqanoVebasDk/X1qm7X9/q/UwTz6/fpNFfqsEh6K1euTV9CxknPIhlLpo6CHlhiyMUs1/vv+g+KE8C8VYGcg=="
      },
      "NAudio": {
        "type": "Direct",
        "requested": "[3.0.0-preview.20, )",
        "resolved": "3.0.0-preview.20",
        "contentHash": "1LJ8D0Z9d/KGdAMR2HQ+SqpVXpaKtc8XgDH4/iHLDOrHxhCAs8anACp3z1Tiz5M1LNv+OIX0ezUCxPepvmZQpQ==",
        "dependencies": {
          "NAudio.Core": "3.0.0-preview.20",
          "NAudio.Midi": "3.0.0-preview.20"
        }
      },
      "NAudio.SoundFile": {
        "type": "Direct",
        "requested": "[3.0.0-preview.20, )",
        "resolved": "3.0.0-preview.20",
        "contentHash": "he84VeSZyg+xParu+4zc+r3uczWsaHdnnuaHdIqF9WDWb+GEfR/bgegUDN0OvDO+bIwJrge5alVaYe1oJQXN7w==",
        "dependencies": {
          "NAudio.Core": "3.0.0-preview.20"
        }
      },
      "NAudio.Wasapi": {
        "type": "Direct",
        "requested": "[3.0.0-preview.20, )",
        "resolved": "3.0.0-preview.20",
        "contentHash": "lGwEiWooWnEhGCOqLIwyQt73XguDdqNRc/blWKzutF7O990hvu6R5M7Qox92hJwqYqIlrHAspY8HJgqf5acbzA==",
        "dependencies": {
          "NAudio.Core": "3.0.0-preview.20"
        }
      },
      "NAudio.WinMM": {
        "type": "Direct",
        "requested": "[3.0.0-preview.20, )",
        "resolved": "3.0.0-preview.20",
        "contentHash": "kqQHYL1cs1Zs6YspwsRaz9oE8zBuKeBF2w3JFFEjMWYRuKs9V8HXIvVISNxscrFaLrH0bZYp2K0otx8CleV48Q==",
        "dependencies": {
          "NAudio.Core": "3.0.0-preview.20",
          "NAudio.Midi": "3.0.0-preview.20"
        }
      },
      "NVorbis": {
        "type": "Direct",
        "requested": "[1.0.0-rc.2, )",
        "resolved": "1.0.0-rc.2",
        "contentHash": "/X+5SlKt4bhzaCeADCs5BIiffvJisvWoaLdcneRHoAA2CE7c+HIVHT9JCAMiH0EIotd7JQ0luna+2/7A5gFwAQ=="
      },
      "Penumbra.Api": {
        "type": "Direct",
        "requested": "[5.15.1, )",
        "resolved": "5.15.1",
        "contentHash": "3ikk0zIOaLm2n3nZRQpW3xaRQ2cq/TOOEApNUjYXolqbyvCrZVGXhdQulcssNUbo0AMQ81l+cf7OfqRceeRBcg=="
      },
      "SharpDX.D3DCompiler": {
        "type": "Direct",
        "requested": "[4.2.0, )",
        "resolved": "4.2.0",
        "contentHash": "Rnsd6Ilp127xbXqhTit8WKFQUrXwWxqVGpglyWDNkIBCk0tWXNQEjrJpsl0KAObzyZaa33+EXAikLVt5fnd3GA==",
        "dependencies": {
          "NETStandard.Library": "1.6.1",
          "SharpDX": "4.2.0"
        }
      },
      "SharpGLTF.Toolkit": {
        "type": "Direct",
        "requested": "[1.0.6, )",
        "resolved": "1.0.6",
        "contentHash": "wb9Ebb4uwXevL4WiLlry29RWIYlxa+NiAa0BB8iSR7VbmgSa5Ij/QaPNlKi1jjA4oL8aEygg5V76zY1SJfIS+Q==",
        "dependencies": {
          "SharpGLTF.Runtime": "1.0.6"
        }
      },
      "TeximpNet": {
        "type": "Direct",
        "requested": "[1.4.3, )",
        "resolved": "1.4.3",
        "contentHash": "uNjTMP4Cv5jI/a/f5iqLpxaQ/aNAE7XKm9S08EEB6W3UMW82/qmcoLRkYjm+2bxBQJ3C5RU9VLu7/pRxavuYJQ==",
        "dependencies": {
          "NETStandard.Library": "1.6.1"
        }
      },
      "CommunityToolkit.Common": {
        "type": "Transitive",
        "resolved": "8.3.2",
        "contentHash": "DFk1MUDzCUZHWFGl33HQkD1XtHHKmgfnjJ6sD2JICDc6et4DaCxf6GBPCzAZ7jcgyy/BdUDk0DUztu1K+61Q6w=="
      },
      "CommunityToolkit.Diagnostics": {
        "type": "Transitive",
        "resolved": "8.3.2",
        "contentHash": "YyMsBE9lT0pJg2bEDzlfEWdlk6xHExW6jr1dxC7+YUqqVmOGL5nZROpxbXQRTe5TrfIs7BvkVsGULv/hq6tGIA=="
      },
      "CommunityToolkit.HighPerformance": {
        "type": "Transitive",
        "resolved": "8.4.0",
        "contentHash": "flxspiBs0G/0GMp7IK2J2ijV9bTG6hEwFc/z6ekHqB6nwRJ4Ry2yLdx+TkbCUYFCl4XhABkAwomeKbT6zM2Zlg=="
      },
      "CommunityToolkit.Mvvm": {
        "type": "Transitive",
        "resolved": "8.3.2",
        "contentHash": "m8EolE1A0Updj68WTsZSGI6VWb6mUqHPh7QFo0kt7+JPhYMNXRS1ch8TS/oITAdcxTLrwMOp3ku1KjeG1/Zdpg=="
      },
      "Cyotek.Drawing.BitmapFont": {
        "type": "Transitive",
        "resolved": "2.0.4",
        "contentHash": "iA6WehGVdMUuNbfsQQDq/Bt+mMd/OqHjiMUtKFLIQd/0pyYh4ehT7FEjTxN9/4OXNKQZsp9bAJgltP2nnswUJg=="
      },
      "HelixToolkit.Geometry": {
        "type": "Transitive",
        "resolved": "3.1.2",
        "contentHash": "NHDQfiMuwlGqLEEzXj4Z4qi9s81x2wc0J7c9dfDWwjqTBKzBFKYeBNV+KSQ+i6L+fytWBBp6dL9G1Pg8B+yzBQ==",
        "dependencies": {
          "CommunityToolkit.Common": "8.3.2",
          "CommunityToolkit.Diagnostics": "8.3.2",
          "CommunityToolkit.Mvvm": "8.3.2",
          "HelixToolkit": "3.1.2",
          "HelixToolkit.Maths": "3.1.2",
          "Microsoft.Extensions.Logging.Abstractions": "8.0.2"
        }
      },
      "Microsoft.CodeAnalysis.Analyzers": {
        "type": "Transitive",
        "resolved": "3.3.4",
        "contentHash": "AxkxcPR+rheX0SmvpLVIGLhOUXAKG56a64kV9VQZ4y9gR9ZmPXnqZvHJnmwLSwzrEP6junUF11vuc+aqo5r68g=="
      },
      "Microsoft.CodeAnalysis.Common": {
        "type": "Transitive",
        "resolved": "4.11.0",
        "contentHash": "djf8ujmqYImFgB04UGtcsEhHrzVqzHowS+EEl/Yunc5LdrYrZhGBWUTXoCF0NzYXJxtfuD+UVQarWpvrNc94Qg==",
        "dependencies": {
          "Microsoft.CodeAnalysis.Analyzers": "3.3.4"
        }
      },
      "Microsoft.CodeAnalysis.CSharp": {
        "type": "Transitive",
        "resolved": "4.11.0",
        "contentHash": "6XYi2EusI8JT4y2l/F3VVVS+ISoIX9nqHsZRaG6W5aFeJ5BEuBosHfT/ABb73FN0RZ1Z3cj2j7cL28SToJPXOw==",
        "dependencies": {
          "Microsoft.CodeAnalysis.Analyzers": "3.3.4",
          "Microsoft.CodeAnalysis.Common": "[4.11.0]"
        }
      },
      "Microsoft.Extensions.DependencyInjection.Abstractions": {
        "type": "Transitive",
        "resolved": "8.0.2",
        "contentHash": "3iE7UF7MQkCv1cxzCahz+Y/guQbTqieyxyaWKhrRO91itI9cOKO76OHeQDahqG4MmW5umr3CcCvGmK92lWNlbg=="
      },
      "Microsoft.Extensions.Logging.Abstractions": {
        "type": "Transitive",
        "resolved": "8.0.2",
        "contentHash": "nroMDjS7hNBPtkZqVBbSiQaQjWRDxITI8Y7XnDs97rqG3EbzVTNLZQf7bIeUJcaHOV8bca47s1Uxq94+2oGdxA==",
        "dependencies": {
          "Microsoft.Extensions.DependencyInjection.Abstractions": "8.0.2"
        }
      },
      "Microsoft.NETCore.Platforms": {
        "type": "Transitive",
        "resolved": "1.1.0",
        "contentHash": "kz0PEW2lhqygehI/d6XsPCQzD7ff7gUJaVGPVETX611eadGsA3A877GdSlU0LRVMCTH/+P3o2iDTak+S08V2+A=="
      },
      "NAudio.Core": {
        "type": "Transitive",
        "resolved": "3.0.0-preview.20",
        "contentHash": "36WX0m9X/1G0Hb35sGJA+VX1G4RQGQnpOCiDEVNX1EgojIDeGftDDHV7hee0uHmWKCWihUwAPzyYtuiDb9NnAA==",
        "dependencies": {
          "System.Numerics.Tensors": "9.0.0"
        }
      },
      "NAudio.Midi": {
        "type": "Transitive",
        "resolved": "3.0.0-preview.20",
        "contentHash": "yNQApiTk8DQmowwW68HMTG4UwhiOfFzjL/LKwMBOQHaS0MUfWLEnY1QXiCtucJP6ON0cg34pT89z5VEGhFA8nA==",
        "dependencies": {
          "NAudio.Core": "3.0.0-preview.20"
        }
      },
      "NETStandard.Library": {
        "type": "Transitive",
        "resolved": "1.6.1",
        "contentHash": "WcSp3+vP+yHNgS8EV5J7pZ9IRpeDuARBPN28by8zqff1wJQXm26PVU8L3/fYLBJVU7BtDyqNVWq2KlCVvSSR4A==",
        "dependencies": {
          "Microsoft.NETCore.Platforms": "1.1.0"
        }
      },
      "SharpDX": {
        "type": "Transitive",
        "resolved": "4.2.0",
        "contentHash": "3pv0LFMvfK/dv1qISJnn8xBeeT6R/FRvr0EV4KI2DGsL84Qlv6P7isWqxGyU0LCwlSVCJN3jgHJ4Bl0KI2PJww==",
        "dependencies": {
          "NETStandard.Library": "1.6.1"
        }
      },
      "SharpDX.Direct2D1": {
        "type": "Transitive",
        "resolved": "4.2.0",
        "contentHash": "Qs8LzDMaQf1u3KB8ArHu9pDv6itZ++QXs99a/bVAG+nKr0Hx5NG4mcN5vsfE0mVR2TkeHfeUm4PksRah6VUPtA==",
        "dependencies": {
          "NETStandard.Library": "1.6.1",
          "SharpDX": "4.2.0",
          "SharpDX.DXGI": "4.2.0"
        }
      },
      "SharpDX.Direct3D11": {
        "type": "Transitive",
        "resolved": "4.2.0",
        "contentHash": "oTm/iT5X/IIuJ8kNYP+DTC/MhBhqtRF5dbgPPFgLBdQv0BKzNTzXQQXd7SveBFjQg6hXEAJ2jGCAzNYvGFc9LA==",
        "dependencies": {
          "NETStandard.Library": "1.6.1",
          "SharpDX": "4.2.0",
          "SharpDX.DXGI": "4.2.0"
        }
      },
      "SharpDX.DXGI": {
        "type": "Transitive",
        "resolved": "4.2.0",
        "contentHash": "UjKqkgWc8U+SP+j3LBzFP6OB6Ntapjih7Xo+g1rLcsGbIb5KwewBrBChaUu7sil8rWoeVU/k0EJd3SMN4VqNZw==",
        "dependencies": {
          "NETStandard.Library": "1.6.1",
          "SharpDX": "4.2.0"
        }
      },
      "SharpGLTF.Core": {
        "type": "Transitive",
        "resolved": "1.0.6",
        "contentHash": "m3qIvUnpvRRfQ0fp0TFfpPk+vsHkCIOf/uIVJ19fe9dwa29KCO/PeHVXKAph8nsFxFLXitTIIqCa5W8JGLMhBg=="
      },
      "SharpGLTF.Runtime": {
        "type": "Transitive",
        "resolved": "1.0.6",
        "contentHash": "MVb0p0gzwnjHB03b0kMhf9bVUd6gSvs/jBpTkL6rMa0RtzSGARbCvZkpGbHXjxgSTncprEuzV4nAaaAucifc3Q==",
        "dependencies": {
          "SharpGLTF.Core": "1.0.6"
        }
      },
      "System.Numerics.Tensors": {
        "type": "Transitive",
        "resolved": "9.0.0",
        "contentHash": "hyJB4UlpAi19Xr9AXzu2NuagKC4lPfHObNMEAA0HmqFz2rX7wKgzeYzO/jM/eBHDhnUGFFEjk5cOoJaxqg5J4A=="
      },
      "penumbra.string": {
        "type": "Project"
      }
    }
  }
}